
Microsoft Visual Studio Solution File, Format Version 12.00
# Visual Studio Version 17
VisualStudioVersion = 17.12.35209.166
MinimumVisualStudioVersion = 10.0.40219.1
Project("{FAE04EC0-301F-11D3-BF4B-00C04F79EFBC}") = "BenchmarkingDapperEFCoreCRMMySql", "BenchmarkingDapperEFCoreCRMMySql.csproj", "{7F199462-E896-42F2-AEC7-9C784AD7F9F0}"
EndProject
Global
	GlobalSection(SolutionConfigurationPlatforms) = preSolution
		Debug|Any CPU = Debug|Any CPU
		Release|Any CPU = Release|Any CPU
	EndGlobalSection
	GlobalSection(ProjectConfigurationPlatforms) = postSolution
		{7F199462-E896-42F2-AEC7-9C784AD7F9F0}.Debug|Any CPU.ActiveCfg = Debug|Any CPU
		{7F199462-E896-42F2-AEC7-9C784AD7F9F0}.Debug|Any CPU.Build.0 = Debug|Any CPU
		{7F199462-E896-42F2-AEC7-9C784AD7F9F0}.Release|Any CPU.ActiveCfg = Release|Any CPU
		{7F199462-E896-42F2-AEC7-9C784AD7F9F0}.Release|Any CPU.Build.0 = Release|Any CPU
	EndGlobalSection
	GlobalSection(SolutionProperties) = preSolution
		HideSolutionNode = FALSE
	EndGlobalSection
	GlobalSection(ExtensibilityGlobals) = postSolution
		SolutionGuid = {FE5B01DC-819E-4EAC-9601-3AFF13F73367}
	EndGlobalSection
EndGlobal
